
Microsoft Visual Studio Solution File, Format Version 12.00
# Visual Studio Version 17
VisualStudioVersion = 17.11.35222.181
MinimumVisualStudioVersion = 10.0.40219.1
Project("{888888A0-9F3D-457C-B088-3A5042F75D52}") = "To do list maker", "To do list maker.pyproj", "{ED8A8350-9343-4134-BC14-015DEFF880FC}"
EndProject
Global
	GlobalSection(SolutionConfigurationPlatforms) = preSolution
		Debug|Any CPU = Debug|Any CPU
		Release|Any CPU = Release|Any CPU
	EndGlobalSection
	GlobalSection(ProjectConfigurationPlatforms) = postSolution
		{ED8A8350-9343-4134-BC14-015DEFF880FC}.Debug|Any CPU.ActiveCfg = Debug|Any CPU
		{ED8A8350-9343-4134-BC14-015DEFF880FC}.Release|Any CPU.ActiveCfg = Release|Any CPU
	EndGlobalSection
	GlobalSection(SolutionProperties) = preSolution
		HideSolutionNode = FALSE
	EndGlobalSection
	GlobalSection(ExtensibilityGlobals) = postSolution
		SolutionGuid = {93F698A9-0C8C-4F55-883A-4A7A2CBB5F4B}
	EndGlobalSection
EndGlobal
